# This file is autogenerated, do not edit; changes may be undone by the next 'dep ensure'.


[[projects]]
  branch = "subscription"
  name = "github.com/neelance/graphql-go"
  packages = [".","errors","internal/common","internal/exec","internal/exec/packer","internal/exec/resolvable","internal/exec/selected","internal/query","internal/schema","internal/validation","introspection","log","trace"]
  revision = "b407faba716b55d3c811a54f7bb5e21969da6ba1"
  source = "github.com/mikeifomin/graphql-go"

[[projects]]
  name = "github.com/opentracing/opentracing-go"
  packages = [".","ext","log"]
  revision = "1949ddbfd147afd4d964a9f00b24eb291e0e7c38"
  version = "v1.0.2"

[[projects]]
  branch = "master"
  name = "golang.org/x/net"
  packages = ["context"]
  revision = "d866cfc389cec985d6fda2859936a575a55a3ab6"

[solve-meta]
  analyzer-name = "dep"
  analyzer-version = 1
  inputs-digest = "e83a2bb87e37ce1e8d4b03859b11a93a2f864a2d9b231a238d4300972243d961"
  solver-name = "gps-cdcl"
  solver-version = 1
